
Microsoft Visual Studio Solution File, Format Version 12.00
# Visual Studio Version 17
VisualStudioVersion = 17.5.33530.505
MinimumVisualStudioVersion = 10.0.40219.1
Project("{FAE04EC0-301F-11D3-BF4B-00C04F79EFBC}") = "Web-API", "Web-API\Web-API.csproj", "{5508D157-F301-4B17-8443-7AFF16413C2D}"
EndProject
Global
	GlobalSection(SolutionConfigurationPlatforms) = preSolution
		Debug|Any CPU = Debug|Any CPU
		Release|Any CPU = Release|Any CPU
	EndGlobalSection
	GlobalSection(ProjectConfigurationPlatforms) = postSolution
		{5508D157-F301-4B17-8443-7AFF16413C2D}.Debug|Any CPU.ActiveCfg = Debug|Any CPU
		{5508D157-F301-4B17-8443-7AFF16413C2D}.Debug|Any CPU.Build.0 = Debug|Any CPU
		{5508D157-F301-4B17-8443-7AFF16413C2D}.Release|Any CPU.ActiveCfg = Release|Any CPU
		{5508D157-F301-4B17-8443-7AFF16413C2D}.Release|Any CPU.Build.0 = Release|Any CPU
	EndGlobalSection
	GlobalSection(SolutionProperties) = preSolution
		HideSolutionNode = FALSE
	EndGlobalSection
	GlobalSection(ExtensibilityGlobals) = postSolution
		SolutionGuid = {1D42675B-D40B-486D-B897-E0E9E20B143F}
	EndGlobalSection
EndGlobal
